
Microsoft Visual Studio Solution File, Format Version 12.00
# Visual Studio Version 17
VisualStudioVersion = 17.11.35222.181
MinimumVisualStudioVersion = 10.0.40219.1
Project("{2150E333-8FDC-42A3-9474-1A3956D46DE8}") = "Order", "Order", "{6BF79882-A715-4D10-A113-01F54FE9D0D5}"
EndProject
Project("{2150E333-8FDC-42A3-9474-1A3956D46DE8}") = "Stock", "Stock", "{35360941-46F2-4D44-A9BD-F6599E5C851D}"
EndProject
Project("{2150E333-8FDC-42A3-9474-1A3956D46DE8}") = "Payment", "Payment", "{5B79CD8E-8680-4171-883A-57EF47B47F19}"
EndProject
Project("{9A19103F-16F7-4668-BE54-9A1E7A4F7556}") = "Order.Repository", "Order.Repository\Order.Repository.csproj", "{2EC180BF-2883-479A-BE67-F10213F013B0}"
EndProject
Project("{9A19103F-16F7-4668-BE54-9A1E7A4F7556}") = "Order.Service", "Order.Service\Order.Service.csproj", "{23C7C8D3-CC56-4EE1-9A1A-89260FBC63FB}"
EndProject
Project("{FAE04EC0-301F-11D3-BF4B-00C04F79EFBC}") = "Order.API", "Order.API\Order.API.csproj", "{47C75029-82B6-4B21-9336-2ED87B5A44AE}"
EndProject
Project("{FAE04EC0-301F-11D3-BF4B-00C04F79EFBC}") = "Stock.Repository", "Stock.Repository\Stock.Repository.csproj", "{067EF7D0-18D2-466D-B72A-8225FFD17960}"
EndProject
Project("{FAE04EC0-301F-11D3-BF4B-00C04F79EFBC}") = "Stock.Service", "Stock.Service\Stock.Service.csproj", "{26DAE18E-0F8D-4B91-9C3E-42C19119E02E}"
EndProject
Project("{FAE04EC0-301F-11D3-BF4B-00C04F79EFBC}") = "Stock.API", "Stock.API\Stock.API.csproj", "{18A0B125-9C86-4E80-9E2D-6ADDDA682A8C}"
EndProject
Project("{2150E333-8FDC-42A3-9474-1A3956D46DE8}") = "Bus", "Bus", "{332739D4-BC57-47C7-A24A-EA1E894AB1BF}"
EndProject
Project("{FAE04EC0-301F-11D3-BF4B-00C04F79EFBC}") = "ServiceBus", "ServiceBus\ServiceBus.csproj", "{4C07D9E0-B5C7-49B4-81B3-A75DA1A2A1E0}"
EndProject
Global
	GlobalSection(SolutionConfigurationPlatforms) = preSolution
		Debug|Any CPU = Debug|Any CPU
		Release|Any CPU = Release|Any CPU
	EndGlobalSection
	GlobalSection(ProjectConfigurationPlatforms) = postSolution
		{2EC180BF-2883-479A-BE67-F10213F013B0}.Debug|Any CPU.ActiveCfg = Debug|Any CPU
		{2EC180BF-2883-479A-BE67-F10213F013B0}.Debug|Any CPU.Build.0 = Debug|Any CPU
		{2EC180BF-2883-479A-BE67-F10213F013B0}.Release|Any CPU.ActiveCfg = Release|Any CPU
		{2EC180BF-2883-479A-BE67-F10213F013B0}.Release|Any CPU.Build.0 = Release|Any CPU
		{23C7C8D3-CC56-4EE1-9A1A-89260FBC63FB}.Debug|Any CPU.ActiveCfg = Debug|Any CPU
		{23C7C8D3-CC56-4EE1-9A1A-89260FBC63FB}.Debug|Any CPU.Build.0 = Debug|Any CPU
		{23C7C8D3-CC56-4EE1-9A1A-89260FBC63FB}.Release|Any CPU.ActiveCfg = Release|Any CPU
		{23C7C8D3-CC56-4EE1-9A1A-89260FBC63FB}.Release|Any CPU.Build.0 = Release|Any CPU
		{47C75029-82B6-4B21-9336-2ED87B5A44AE}.Debug|Any CPU.ActiveCfg = Debug|Any CPU
		{47C75029-82B6-4B21-9336-2ED87B5A44AE}.Debug|Any CPU.Build.0 = Debug|Any CPU
		{47C75029-82B6-4B21-9336-2ED87B5A44AE}.Release|Any CPU.ActiveCfg = Release|Any CPU
		{47C75029-82B6-4B21-9336-2ED87B5A44AE}.Release|Any CPU.Build.0 = Release|Any CPU
		{067EF7D0-18D2-466D-B72A-8225FFD17960}.Debug|Any CPU.ActiveCfg = Debug|Any CPU
		{067EF7D0-18D2-466D-B72A-8225FFD17960}.Debug|Any CPU.Build.0 = Debug|Any CPU
		{067EF7D0-18D2-466D-B72A-8225FFD17960}.Release|Any CPU.ActiveCfg = Release|Any CPU
		{067EF7D0-18D2-466D-B72A-8225FFD17960}.Release|Any CPU.Build.0 = Release|Any CPU
		{26DAE18E-0F8D-4B91-9C3E-42C19119E02E}.Debug|Any CPU.ActiveCfg = Debug|Any CPU
		{26DAE18E-0F8D-4B91-9C3E-42C19119E02E}.Debug|Any CPU.Build.0 = Debug|Any CPU
		{26DAE18E-0F8D-4B91-9C3E-42C19119E02E}.Release|Any CPU.ActiveCfg = Release|Any CPU
		{26DAE18E-0F8D-4B91-9C3E-42C19119E02E}.Release|Any CPU.Build.0 = Release|Any CPU
		{18A0B125-9C86-4E80-9E2D-6ADDDA682A8C}.Debug|Any CPU.ActiveCfg = Debug|Any CPU
		{18A0B125-9C86-4E80-9E2D-6ADDDA682A8C}.Debug|Any CPU.Build.0 = Debug|Any CPU
		{18A0B125-9C86-4E80-9E2D-6ADDDA682A8C}.Release|Any CPU.ActiveCfg = Release|Any CPU
		{18A0B125-9C86-4E80-9E2D-6ADDDA682A8C}.Release|Any CPU.Build.0 = Release|Any CPU
		{4C07D9E0-B5C7-49B4-81B3-A75DA1A2A1E0}.Debug|Any CPU.ActiveCfg = Debug|Any CPU
		{4C07D9E0-B5C7-49B4-81B3-A75DA1A2A1E0}.Debug|Any CPU.Build.0 = Debug|Any CPU
		{4C07D9E0-B5C7-49B4-81B3-A75DA1A2A1E0}.Release|Any CPU.ActiveCfg = Release|Any CPU
		{4C07D9E0-B5C7-49B4-81B3-A75DA1A2A1E0}.Release|Any CPU.Build.0 = Release|Any CPU
	EndGlobalSection
	GlobalSection(SolutionProperties) = preSolution
		HideSolutionNode = FALSE
	EndGlobalSection
	GlobalSection(NestedProjects) = preSolution
		{2EC180BF-2883-479A-BE67-F10213F013B0} = {6BF79882-A715-4D10-A113-01F54FE9D0D5}
		{23C7C8D3-CC56-4EE1-9A1A-89260FBC63FB} = {6BF79882-A715-4D10-A113-01F54FE9D0D5}
		{47C75029-82B6-4B21-9336-2ED87B5A44AE} = {6BF79882-A715-4D10-A113-01F54FE9D0D5}
		{067EF7D0-18D2-466D-B72A-8225FFD17960} = {35360941-46F2-4D44-A9BD-F6599E5C851D}
		{26DAE18E-0F8D-4B91-9C3E-42C19119E02E} = {35360941-46F2-4D44-A9BD-F6599E5C851D}
		{18A0B125-9C86-4E80-9E2D-6ADDDA682A8C} = {35360941-46F2-4D44-A9BD-F6599E5C851D}
		{4C07D9E0-B5C7-49B4-81B3-A75DA1A2A1E0} = {332739D4-BC57-47C7-A24A-EA1E894AB1BF}
	EndGlobalSection
	GlobalSection(ExtensibilityGlobals) = postSolution
		SolutionGuid = {CCF79B3A-7A14-45C5-9783-295A3F5670C0}
	EndGlobalSection
EndGlobal
